PODS:
  - Flutter (1.0.0)
  - integration_test (0.0.1):
    - Flutter
  - screenshot_detector (0.0.1):
    - Flutter

DEPENDENCIES:
  - Flutter (from `Flutter`)
  - integration_test (from `.symlinks/plugins/integration_test/ios`)
  - screenshot_detector (from `.symlinks/plugins/screenshot_detector/ios`)

EXTERNAL SOURCES:
  Flutter:
    :path: Flutter
  integration_test:
    :path: ".symlinks/plugins/integration_test/ios"
  screenshot_detector:
    :path: ".symlinks/plugins/screenshot_detector/ios"

SPEC CHECKSUMS:
  Flutter: e0871f40cf51350855a761d2e70bf5af5b9b5de7
  integration_test: 13825b8a9334a850581300559b8839134b124670
  screenshot_detector: c52ea65bbafa23c16ac302c6bc846721e91a20d8

PODFILE CHECKSUM: 819463e6a0290f5a72f145ba7cde16e8b6ef0796

COCOAPODS: 1.13.0
